
Microsoft Visual Studio Solution File, Format Version 12.00
# Visual Studio Version 17
VisualStudioVersion = 17.3.32922.545
MinimumVisualStudioVersion = 10.0.40219.1
Project("{FAE04EC0-301F-11D3-BF4B-00C04F79EFBC}") = "CineMax.API", "CineMax.API\CineMax.API.csproj", "{17F34F25-D6A1-4049-8F02-52575238EAA3}"
EndProject
Global
	GlobalSection(SolutionConfigurationPlatforms) = preSolution
		Debug|Any CPU = Debug|Any CPU
		Release|Any CPU = Release|Any CPU
	EndGlobalSection
	GlobalSection(ProjectConfigurationPlatforms) = postSolution
		{17F34F25-D6A1-4049-8F02-52575238EAA3}.Debug|Any CPU.ActiveCfg = Debug|Any CPU
		{17F34F25-D6A1-4049-8F02-52575238EAA3}.Debug|Any CPU.Build.0 = Debug|Any CPU
		{17F34F25-D6A1-4049-8F02-52575238EAA3}.Release|Any CPU.ActiveCfg = Release|Any CPU
		{17F34F25-D6A1-4049-8F02-52575238EAA3}.Release|Any CPU.Build.0 = Release|Any CPU
	EndGlobalSection
	GlobalSection(SolutionProperties) = preSolution
		HideSolutionNode = FALSE
	EndGlobalSection
	GlobalSection(ExtensibilityGlobals) = postSolution
		SolutionGuid = {801A39E6-55E7-4394-A3F2-48C75C7A7C7F}
	EndGlobalSection
EndGlobal
